DISCORD_TOKEN=ENC[AES256_GCM,data:TVo8NZfBAJqIAvnJK+OZgGd/3qoUrmrEV+IFMSmqv2v7Ky9Sxa+aULPfTLHsgD0rwidS2fm1evYexFAR9SGzA76lO/wJTyIy,iv:J284ntN9pkjbRMwIXCe9T3FyjfyAJqyued1ztL8RmhM=,tag:QXhXzPdzq3Ge2SOfjtxR4g==,type:str]
sops_lastmodified=2024-07-16T09:00:40Z
sops_mac=ENC[AES256_GCM,data:gxLkvOZxhme7iao6RpHU1iV/8GOQ7hKLrGlmARnqxLf0DciORGBwShju4ZVsJuFKs1uZPR0b4A8UdF0bjz/K27yJn9Xfg9i44lUefY7Gvl5pf/UoIZgVKtZomMmN9p1onemEQRW2hFruB7bm4PoaSRTgM2BMitIt+FQoSZtiEcg=,iv:4jN/x9Sz68nIR50/IeyoCAf+qz959+NlexGRyP/N7sE=,tag:pqpcgmpRnelOgyvWeZZGYg==,type:str]
sops_pgp__list_0__map_created_at=2024-07-16T09:00:06Z
sops_pgp__list_0__map_enc=-----BEGIN PGP MESSAGE-----\n\nhQGMA4xAg/8tRvaHAQv/RD7aND4k9sO78NRhRp+3fi7nClKJsEa2MEN7EuJctNR0\nh8RY6ePCCe7zLJj6pzVuX0Ul7S9WRDQ+Rt0gzmqn77lVsDeB4qwBFKlMj9N+w6bI\nBg6P6ouyyg/BohKyx4CZ9G7ASb6gFyg+vhtmBBKGq86FYFEFyYUpwnuz9RmOb5E6\nZNMqm1zFYA6s3cuYuwUmO1Ot5DE3bX/3PZDaSx61tKtph3i0qc+R/P9ekIOvwrFS\nXtneDFvCmU+kLiRQWHnkUo76ky2zpqON/F+6gViEGOwZCseD7Z/FDRJ99gS+Uv/e\nD1Uxh0JBlmBCKqR3L2iksHP8b25DPxYDy0FaZ0hZXxkyFGzYbw8+r9prf6lGwB5B\njMMYzGQMb/MkdX/ZjcZzTAMPEp0m28LBS4M057anyRPkaEB+6b/iL0xmil2marMA\nF44200XALUi8KYmMkUhStcxHptn1h+hFDup10kn6pA9WiIZXy4JFhxLUoqJrdOXU\nu7WhGd5YImvtl9kZszWS0l4Bm8WwJ4kwa7aQgnLUJR8XMFT4HvmIYA2P5rj9Y9Kw\njuIRQG9AdoA20yNbr0uNxtL5r6GZm3m/Ek/VrKlhWHeUwNfZwYlavzH2jdMbL//2\nkjnUni8aZqypIaE7a3Dy\n=CY+q\n-----END PGP MESSAGE-----
sops_pgp__list_0__map_fp=CFADC47C135DF8E4C14C895097E3177DD2EDD63F
sops_unencrypted_suffix=_unencrypted
sops_version=3.9.0
