DISCORD_TOKEN=ENC[AES256_GCM,data:3tRB8k5Yv1VmwJAhG5Bkxv7/ylRBv1eqrXbouZ7jQNUJp+ztXrFBeNUIvI7xoyKCUBaIE/PcCkchbU/Osq9JeB5nI1RKRHC8,iv:jTQ6lPD6jjJ3MWOKKqdkiXXXnGH+CuaxogQ9MtxzOUg=,tag:C6oAqZ9Xgw8B5juWjBR42A==,type:str]
sops_age__list_0__map_enc=-----BEGIN AGE ENCRYPTED FILE-----\nYWdlLWVuY3J5cHRpb24ub3JnL3YxCi0+IFgyNTUxOSBCckZmcmVaMkFwZFB6TWtI\nVGw3YjI1d3FmNUlORFlvQ0tmQmpmanIrOHd3Ckw1dlNBZ25uQTczdm96UTM4VDRU\nYUFKMEl1citaVDZGbWhnUE9kaHByMG8KLS0tIDdyTmlJL0IzL3UvSHI0czNLZFpo\nT3JHT21oZmtvTzhyMFJlMXZML1FwY2cKRYz8DUTACEa+Kft3J1i/iN+wJXVCZrCJ\n1rtpDOx9Ys8GmK54bRQih8k5O2S6u7Eps2zLRWOmMTSQj4d2ZCkO1A==\n-----END AGE ENCRYPTED FILE-----\n
sops_age__list_0__map_recipient=age1sgv2yduaugas4travt8tjctmxe0jyge5p0w6ufcfard5umwaxvss2na2ff
sops_age__list_1__map_enc=-----BEGIN AGE ENCRYPTED FILE-----\nYWdlLWVuY3J5cHRpb24ub3JnL3YxCi0+IFgyNTUxOSA5ZGNFNUNjaTNTQ0l5ekNI\nSjJUN1ZLWjdJYkx1UHpQbmhZMHFiOW1qNFFNCnZ4MkhPdWVxcThHUWE5c3FtOGxy\nVTdoeUJoQmtFZEhNSDhudzZib3RpUTQKLS0tIHI3TzdmYmNEZGhnRDRYaFVrTk9P\nWkhKWEhjWHZRVVBjN2FOZzFVUGR5Q1UKh/wkyRmeo4DLKk0yqVA0f1DfhOJpAPCw\nnrkvJ8trH19147od9tDlSQaZo8ipKK0nmijowU6rnS52FjU0hAQm0g==\n-----END AGE ENCRYPTED FILE-----\n
sops_age__list_1__map_recipient=age1lhk7gg022hrfn6z85m2qdmudm8vql4vn90fuyaulvw99fqv8yctq4uh39k
sops_age__list_2__map_enc=-----BEGIN AGE ENCRYPTED FILE-----\nYWdlLWVuY3J5cHRpb24ub3JnL3YxCi0+IFgyNTUxOSBFVEJCQ2xDWE1Ed21icXJy\nMDBSY1E5aW50R01YeDEzcTV3Y1c1eFZpQ2dRCm5xNjhGWTVXR2tPcDBzNnd3bldE\nZXhPSDVGNXM5ZkEvaDFLVU1iUFEvR1EKLS0tIERKSEVJZit0cXhzcEJUNUJlV0h3\nS3B5QlB3SFZIVHJLQUlYNHErTGxuT0EKFCsTjivBASb4wnsTjZwEzzM+YDVWtClp\n/+rRuwHrPSKDwce1PaxyqhuG4/UH7StEk/mCkCLnsUqJyTachVzJGQ==\n-----END AGE ENCRYPTED FILE-----\n
sops_age__list_2__map_recipient=age1u9a2890jjzd3qak5k9xnjngt4qjjvttwag2yjm9sctf6vuawpu2skzekyn
sops_lastmodified=2024-07-18T20:35:27Z
sops_mac=ENC[AES256_GCM,data:Y8e/+o6z3iDosEydIbz2dbPR160I5SqHTgxcQNHEgQqxPTd9MNxsg8Iz4sygTNlB5ByAFOPm6/EbrFreQ9/ChairtoLWEnyRBuBanFSpB0ZU8a6hLC4Y/0ZQ2YN53/OvuZjBfYaHEsrQxvRTTbY9sp1+6HzbUqMvmMKu6WKz2F4=,iv:jhiy7F8NMtfmv7fqqXNQyewHl4CJzCzEc2sgdNf715c=,tag:/KyvJ5oKtBUZXLNUPxfZpg==,type:str]
sops_unencrypted_suffix=_unencrypted
sops_version=3.9.0
