DISCORD_TOKEN=ENC[AES256_GCM,data:M4ovvlrcqGbUdDRptRI+s+oK+s9xLVez3j7Xlap3f84UW1JfaifOqxUoDjX8TFEc5ejLO+x9VWqU1H9Ftjzedk31ZqBcMApd,iv:hYZpHEOieWCSv9QcycjYk1RGb+xEADxP+azB1Onvus4=,tag:tcJh2Xtny4ZUh7RTt71yuw==,type:str]
sops_age__list_0__map_enc=-----BEGIN AGE ENCRYPTED FILE-----\nYWdlLWVuY3J5cHRpb24ub3JnL3YxCi0+IFgyNTUxOSAyTitITldmenhta3hlVkla\nQnYrTm1zSWlMa2NKeFgza1BwYUNFTm9UZ2l3CmY4ZlpZUy9XWkR4UE5mRVJGN2Yz\nYTZuSGJtMWkzUndyeDVZWHM5SHVUREEKLS0tIHpWUlQvTVBPOG9tUVNrTnI5eHdT\nNWdmalJYZE93dmFXZlJYbGJha1ZQWncK0PgxJnZuM/K4aAtYhZbU1CVuMjuFxoRM\nPyU9wwmCC/FgceUF8WxBOiUTdfmP0u9q50Q7IlGYUbKLCHBl7qgN8w==\n-----END AGE ENCRYPTED FILE-----\n
sops_age__list_0__map_recipient=age1sgv2yduaugas4travt8tjctmxe0jyge5p0w6ufcfard5umwaxvss2na2ff
sops_lastmodified=2024-07-16T20:02:43Z
sops_mac=ENC[AES256_GCM,data:u7a8Xl6augjT3U1moXPfjwh0P2u5vaRFFs8n46x5YEtdMtBbDwkHdJgCikN963fzT0O4dDPskzXCLgSHGaO8GT2frFdCmru0wZGNYcaPA5EG5QD2e4emehDG22fhU0geYHh59vKXoY6eFmnXoCbfUx39v1TPF2wVlrsXB2LyTNI=,iv:/s3hPMzsYBGP1yuaSYVWb1TALwuqBdJOUJJnfmYC6mY=,tag:LO3wGDuWTI54S4rf8BhvhA==,type:str]
sops_unencrypted_suffix=_unencrypted
sops_version=3.9.0
